
Microsoft Visual Studio Solution File, Format Version 12.00
# Visual Studio Version 16
VisualStudioVersion = 16.0.31702.278
MinimumVisualStudioVersion = 10.0.40219.1
Project("{FAE04EC0-301F-11D3-BF4B-00C04F79EFBC}") = "InvoiceDatabase", "InvoiceDatabase\InvoiceDatabase.csproj", "{FCE19AEC-9E84-4DE5-9EA2-E89258E706E1}"
EndProject
Global
	GlobalSection(SolutionConfigurationPlatforms) = preSolution
		Debug|Any CPU = Debug|Any CPU
		Release|Any CPU = Release|Any CPU
	EndGlobalSection
	GlobalSection(ProjectConfigurationPlatforms) = postSolution
		{FCE19AEC-9E84-4DE5-9EA2-E89258E706E1}.Debug|Any CPU.ActiveCfg = Debug|Any CPU
		{FCE19AEC-9E84-4DE5-9EA2-E89258E706E1}.Debug|Any CPU.Build.0 = Debug|Any CPU
		{FCE19AEC-9E84-4DE5-9EA2-E89258E706E1}.Release|Any CPU.ActiveCfg = Release|Any CPU
		{FCE19AEC-9E84-4DE5-9EA2-E89258E706E1}.Release|Any CPU.Build.0 = Release|Any CPU
	EndGlobalSection
	GlobalSection(SolutionProperties) = preSolution
		HideSolutionNode = FALSE
	EndGlobalSection
	GlobalSection(ExtensibilityGlobals) = postSolution
		SolutionGuid = {0E13BD8C-7F7B-4B1D-95BD-8ABE9A929C9F}
	EndGlobalSection
EndGlobal
